
Microsoft Visual Studio Solution File, Format Version 12.00
# Visual Studio Version 16
VisualStudioVersion = 16.0.31019.35
MinimumVisualStudioVersion = 10.0.40219.1
Project("{9A19103F-16F7-4668-BE54-9A1E7A4F7556}") = "FirstSpecflowProject", "FirstSpecflowProject\FirstSpecflowProject.csproj", "{90DAD98B-A23A-4DFF-B7D3-9C4BF2757FC8}"
EndProject
Project("{9A19103F-16F7-4668-BE54-9A1E7A4F7556}") = "SpecFlowCalculator", "SpecFlowCalculator\SpecFlowCalculator.csproj", "{752B1D4A-698F-4D0E-A366-328EC7EB676A}"
EndProject
Project("{9A19103F-16F7-4668-BE54-9A1E7A4F7556}") = "GameCharacter", "Character\GameCharacter.csproj", "{78E77A6B-4650-446F-8F6E-709998C80AEB}"
EndProject
Project("{FAE04EC0-301F-11D3-BF4B-00C04F79EFBC}") = "SpecflowAssistMethods", "SpecflowAssistMethods\SpecflowAssistMethods.csproj", "{A89FCD44-0E70-4EB3-BEF6-3CB0D4BE6A01}"
EndProject
Global
	GlobalSection(SolutionConfigurationPlatforms) = preSolution
		Debug|Any CPU = Debug|Any CPU
		Release|Any CPU = Release|Any CPU
	EndGlobalSection
	GlobalSection(ProjectConfigurationPlatforms) = postSolution
		{90DAD98B-A23A-4DFF-B7D3-9C4BF2757FC8}.Debug|Any CPU.ActiveCfg = Debug|Any CPU
		{90DAD98B-A23A-4DFF-B7D3-9C4BF2757FC8}.Debug|Any CPU.Build.0 = Debug|Any CPU
		{90DAD98B-A23A-4DFF-B7D3-9C4BF2757FC8}.Release|Any CPU.ActiveCfg = Release|Any CPU
		{90DAD98B-A23A-4DFF-B7D3-9C4BF2757FC8}.Release|Any CPU.Build.0 = Release|Any CPU
		{752B1D4A-698F-4D0E-A366-328EC7EB676A}.Debug|Any CPU.ActiveCfg = Debug|Any CPU
		{752B1D4A-698F-4D0E-A366-328EC7EB676A}.Debug|Any CPU.Build.0 = Debug|Any CPU
		{752B1D4A-698F-4D0E-A366-328EC7EB676A}.Release|Any CPU.ActiveCfg = Release|Any CPU
		{752B1D4A-698F-4D0E-A366-328EC7EB676A}.Release|Any CPU.Build.0 = Release|Any CPU
		{78E77A6B-4650-446F-8F6E-709998C80AEB}.Debug|Any CPU.ActiveCfg = Debug|Any CPU
		{78E77A6B-4650-446F-8F6E-709998C80AEB}.Debug|Any CPU.Build.0 = Debug|Any CPU
		{78E77A6B-4650-446F-8F6E-709998C80AEB}.Release|Any CPU.ActiveCfg = Release|Any CPU
		{78E77A6B-4650-446F-8F6E-709998C80AEB}.Release|Any CPU.Build.0 = Release|Any CPU
		{A89FCD44-0E70-4EB3-BEF6-3CB0D4BE6A01}.Debug|Any CPU.ActiveCfg = Debug|Any CPU
		{A89FCD44-0E70-4EB3-BEF6-3CB0D4BE6A01}.Debug|Any CPU.Build.0 = Debug|Any CPU
		{A89FCD44-0E70-4EB3-BEF6-3CB0D4BE6A01}.Release|Any CPU.ActiveCfg = Release|Any CPU
		{A89FCD44-0E70-4EB3-BEF6-3CB0D4BE6A01}.Release|Any CPU.Build.0 = Release|Any CPU
	EndGlobalSection
	GlobalSection(SolutionProperties) = preSolution
		HideSolutionNode = FALSE
	EndGlobalSection
	GlobalSection(ExtensibilityGlobals) = postSolution
		SolutionGuid = {35325A50-5D9F-4563-B2AD-FCB836509FCF}
	EndGlobalSection
EndGlobal
